
Microsoft Visual Studio Solution File, Format Version 12.00
Project("{FAE04EC0-301F-11D3-BF4B-00C04F79EFBC}") = "Crewtech.Vehix.Platform", "Crewtech.Vehix.Platform\Crewtech.Vehix.Platform.csproj", "{1C82A067-C771-4E42-A5BD-D21D3F7B9ABE}"
EndProject
Global
	GlobalSection(SolutionConfigurationPlatforms) = preSolution
		Debug|Any CPU = Debug|Any CPU
		Release|Any CPU = Release|Any CPU
	EndGlobalSection
	GlobalSection(ProjectConfigurationPlatforms) = postSolution
		{1C82A067-C771-4E42-A5BD-D21D3F7B9ABE}.Debug|Any CPU.ActiveCfg = Debug|Any CPU
		{1C82A067-C771-4E42-A5BD-D21D3F7B9ABE}.Debug|Any CPU.Build.0 = Debug|Any CPU
		{1C82A067-C771-4E42-A5BD-D21D3F7B9ABE}.Release|Any CPU.ActiveCfg = Release|Any CPU
		{1C82A067-C771-4E42-A5BD-D21D3F7B9ABE}.Release|Any CPU.Build.0 = Release|Any CPU
	EndGlobalSection
EndGlobal
